{"1.2.0",
[{<<"acceptor_pool">>,{pkg,<<"acceptor_pool">>,<<"1.0.0">>},1},
 {<<"app_config">>,
  {git,"https://gitlab.com/leapsight/app_config.git",
       {ref,"e6a4dc99c0c9f17a6d4d865e40aefc409986f849"}},
  1},
 {<<"base62">>,
  {git,"https://gitlab.com/leapsight/base62.git",
       {ref,"6e1c622c2e9bba51fadba44fa050d4b4ae706890"}},
  3},
 {<<"cf">>,{pkg,<<"cf">>,<<"0.3.1">>},1},
 {<<"eleveldb">>,
  {git,"https://github.com/Leapsight/eleveldb.git",
       {ref,"f7339ad2a57537b3f7e185a38341664d3cc22cfb"}},
  1},
 {<<"erlware_commons">>,{pkg,<<"erlware_commons">>,<<"1.3.1">>},0},
 {<<"gproc">>,{pkg,<<"gproc">>,<<"0.8.0">>},0},
 {<<"key_value">>,
  {git,"https://gitlab.com/leapsight/key_value.git",
       {ref,"414fb19cd067b368666ceb5a2a63f1f24109562b"}},
  2},
 {<<"ksuid">>,
  {git,"https://gitlab.com/leapsight/ksuid.git",
       {ref,"a5016017edd1e99d46c9a6d4c348cb818e542b13"}},
  2},
 {<<"opentelemetry_api">>,
  {git,"https://github.com/open-telemetry/opentelemetry-erlang-api.git",
       {ref,"48da6489cc45d59a42a7d9c68616144c10b36e3b"}},
  0},
 {<<"partisan">>,
  {git,"http://github.com/aramallo/partisan.git",
       {ref,"cbe0db3e0374d1c14da2e6c2994bda55dd465e3f"}},
  0},
 {<<"plum_db">>,
  {git,"https://gitlab.com/leapsight/plum_db.git",
       {ref,"bf50ef83a41b77429fc043f23b1b274f1fda4df1"}},
  0},
 {<<"quickrand">>,{pkg,<<"quickrand">>,<<"1.8.0">>},1},
 {<<"sbroker">>,
  {git,"https://github.com/Leapsight/sbroker.git",
       {ref,"2ef8d0b0db927c8425c0a839f4cd264e6dbbce84"}},
  0},
 {<<"sext">>,{pkg,<<"sext">>,<<"1.8.0">>},1},
 {<<"types">>,{pkg,<<"types">>,<<"0.1.8">>},0},
 {<<"utils">>,
  {git,"https://gitlab.com/leapsight/utils.git",
       {ref,"c0c6a61994e757e85f8037eb85dbf5fd27243842"}},
  1},
 {<<"uuid">>,{pkg,<<"uuid_erl">>,<<"1.8.0">>},0}]}.
[
{pkg_hash,[
 {<<"acceptor_pool">>, <<"43C20D2ACAE35F0C2BCD64F9D2BDE267E459F0F3FD23DAB26485BF518C281B21">>},
 {<<"cf">>, <<"5CB902239476E141EA70A740340233782D363A31EEA8AD37049561542E6CD641">>},
 {<<"erlware_commons">>, <<"0CE192AD69BC6FD0880246D852D0ECE17631E234878011D1586E053641ED4C04">>},
 {<<"gproc">>, <<"CEA02C578589C61E5341FCE149EA36CCEF236CC2ECAC8691FBA408E7EA77EC2F">>},
 {<<"quickrand">>, <<"E47CE597FF067385FF5836C8C7706AC7F8AA7B47DD90C6417E05B64696F872FA">>},
 {<<"sext">>, <<"90A95B889F5C781B70BBCF44278B763148E313C376B60D87CE664CB1C1DD29B5">>},
 {<<"types">>, <<"5782B67231E8C174FE2835395E71E669FE0121076779D2A09F1C0D58EE0E2F13">>},
 {<<"uuid">>, <<"280014F8FF57FCE36EE6E91C3ECF21CBFCE78AAE9854C09597BB4C11E27B66D6">>}]},
{pkg_hash_ext,[
 {<<"acceptor_pool">>, <<"0CBCD83FDC8B9AD2EEE2067EF8B91A14858A5883CB7CD800E6FCD5803E158788">>},
 {<<"cf">>, <<"315E8D447D3A4B02BCDBFA397AD03BBB988A6E0AA6F44D3ADD0F4E3C3BF97672">>},
 {<<"erlware_commons">>, <<"7AADA93F368D0A0430122E39931B7FB4AC9E94DBF043CDC980AD4330FD9CD166">>},
 {<<"gproc">>, <<"580ADAFA56463B75263EF5A5DF4C86AF321F68694E7786CB057FD805D1E2A7DE">>},
 {<<"quickrand">>, <<"7FFADCF851FB4D1F7BC2952E955623BE63F9C4A6B965FD207CC558D5AEDBB6F9">>},
 {<<"sext">>, <<"BC6016CB8690BAF677EACACFE6E7CADFEC8DC7E286CBBED762F6CD55B0678E73">>},
 {<<"types">>, <<"04285239F4954C5EDE56F78ED7778EDE24E3F2E997F7B16402A167AF0CC2658A">>},
 {<<"uuid">>, <<"08A59B19A93F0F319B7609516DCE33D2366FA24429EF097D107B7D6998D7E9CC">>}]}
].
